
Microsoft Visual Studio Solution File, Format Version 12.00
# Visual Studio Version 16
VisualStudioVersion = 16.0.31911.196
MinimumVisualStudioVersion = 10.0.40219.1
Project("{FAE04EC0-301F-11D3-BF4B-00C04F79EFBC}") = "Core_First_EF_Stdnt", "Core_First_EF_Stdnt\Core_First_EF_Stdnt.csproj", "{E843D545-A158-4A45-80D8-6ACCAF601306}"
EndProject
Global
	GlobalSection(SolutionConfigurationPlatforms) = preSolution
		Debug|Any CPU = Debug|Any CPU
		Release|Any CPU = Release|Any CPU
	EndGlobalSection
	GlobalSection(ProjectConfigurationPlatforms) = postSolution
		{E843D545-A158-4A45-80D8-6ACCAF601306}.Debug|Any CPU.ActiveCfg = Debug|Any CPU
		{E843D545-A158-4A45-80D8-6ACCAF601306}.Debug|Any CPU.Build.0 = Debug|Any CPU
		{E843D545-A158-4A45-80D8-6ACCAF601306}.Release|Any CPU.ActiveCfg = Release|Any CPU
		{E843D545-A158-4A45-80D8-6ACCAF601306}.Release|Any CPU.Build.0 = Release|Any CPU
	EndGlobalSection
	GlobalSection(SolutionProperties) = preSolution
		HideSolutionNode = FALSE
	EndGlobalSection
	GlobalSection(ExtensibilityGlobals) = postSolution
		SolutionGuid = {B51FF2B8-22CB-43DC-ACEB-68FEFA1F3C01}
	EndGlobalSection
EndGlobal
